uuid: cf332752-2684-4780-8cbd-fff9af86fa27
langcode: en
status: true
dependencies:
  module:
    - node
id: node.field_include_faq_block
field_name: field_include_faq_block
entity_type: node
type: boolean
settings: {  }
module: core
locked: false
cardinality: 1
translatable: true
indexes: {  }
persist_with_no_fields: false
custom_storage: false
